
Microsoft Visual Studio Solution File, Format Version 12.00
# Visual Studio 15
VisualStudioVersion = 15.0.28010.2041
MinimumVisualStudioVersion = 10.0.40219.1
Project("{FAE04EC0-301F-11D3-BF4B-00C04F79EFBC}") = "docker with dotnet", "docker with dotnet\docker with dotnet.csproj", "{F8863B8E-0D7A-4C42-8FA4-F7675E7781A2}"
EndProject
Project("{E53339B2-1760-4266-BCC7-CA923CBCF16C}") = "docker-compose", "docker-compose.dcproj", "{9CFC3C4C-451F-496B-B606-222AD76B16B8}"
EndProject
Global
	GlobalSection(SolutionConfigurationPlatforms) = preSolution
		Debug|Any CPU = Debug|Any CPU
		Release|Any CPU = Release|Any CPU
	EndGlobalSection
	GlobalSection(ProjectConfigurationPlatforms) = postSolution
		{F8863B8E-0D7A-4C42-8FA4-F7675E7781A2}.Debug|Any CPU.ActiveCfg = Debug|Any CPU
		{F8863B8E-0D7A-4C42-8FA4-F7675E7781A2}.Debug|Any CPU.Build.0 = Debug|Any CPU
		{F8863B8E-0D7A-4C42-8FA4-F7675E7781A2}.Release|Any CPU.ActiveCfg = Release|Any CPU
		{F8863B8E-0D7A-4C42-8FA4-F7675E7781A2}.Release|Any CPU.Build.0 = Release|Any CPU
		{9CFC3C4C-451F-496B-B606-222AD76B16B8}.Debug|Any CPU.ActiveCfg = Debug|Any CPU
		{9CFC3C4C-451F-496B-B606-222AD76B16B8}.Debug|Any CPU.Build.0 = Debug|Any CPU
		{9CFC3C4C-451F-496B-B606-222AD76B16B8}.Release|Any CPU.ActiveCfg = Release|Any CPU
		{9CFC3C4C-451F-496B-B606-222AD76B16B8}.Release|Any CPU.Build.0 = Release|Any CPU
	EndGlobalSection
	GlobalSection(SolutionProperties) = preSolution
		HideSolutionNode = FALSE
	EndGlobalSection
	GlobalSection(ExtensibilityGlobals) = postSolution
		SolutionGuid = {33BBA276-475A-4199-A290-C552443B013A}
	EndGlobalSection
EndGlobal
